<?xml version="1.0" encoding="utf-8"?>
<Project ToolsVersion="4.0" xmlns="http://schemas.microsoft.com/developer/msbuild/2003">
  <ItemGroup>
    <Filter Include="소스 파일">
      <UniqueIdentifier>{4FC737F1-C7A5-4376-A066-2A32D752A2FF}</UniqueIdentifier>
      <Extensions>cpp;c;cc;cxx;def;odl;idl;hpj;bat;asm;asmx</Extensions>
    </Filter>
    <Filter Include="헤더 파일">
      <UniqueIdentifier>{93995380-89BD-4b04-88EB-625FBE52EBFB}</UniqueIdentifier>
      <Extensions>h;hh;hpp;hxx;hm;inl;inc;ipp;xsd</Extensions>
    </Filter>
    <Filter Include="리소스 파일">
      <UniqueIdentifier>{67DA6AB6-F800-4c08-8B7A-83BB121AAD01}</UniqueIdentifier>
      <Extensions>rc;ico;cur;bmp;dlg;rc2;rct;bin;rgs;gif;jpg;jpeg;jpe;resx;tiff;tif;png;wav;mfcribbon-ms</Extensions>
    </Filter>
    <Filter Include="소스 파일\solved">
      <UniqueIdentifier>{36dc14f6-8127-4d22-be4c-79340ff08424}</UniqueIdentifier>
    </Filter>
    <Filter Include="소스 파일\coding_test">
      <UniqueIdentifier>{2bc64cdd-9f68-45b2-9699-b87a3075ebcf}</UniqueIdentifier>
    </Filter>
    <Filter Include="소스 파일\practice">
      <UniqueIdentifier>{7ae332ad-9d13-4d34-9bb8-ccd52f58f5f6}</UniqueIdentifier>
    </Filter>
  </ItemGroup>
  <ItemGroup>
    <ClCompile Include="header.h">
      <Filter>헤더 파일</Filter>
    </ClCompile>
    <ClCompile Include="boj 1991 트리순회.cpp">
      <Filter>소스 파일</Filter>
    </ClCompile>
    <ClCompile Include="boj 3078 좋은 친구.cpp">
      <Filter>소스 파일</Filter>
    </ClCompile>
    <ClCompile Include="boj 11657 타임머신.cpp">
      <Filter>소스 파일</Filter>
    </ClCompile>
    <ClCompile Include="boj 15654 N과 M 5.cpp">
      <Filter>소스 파일</Filter>
    </ClCompile>
    <ClCompile Include="boj 16236 아기상어.cpp">
      <Filter>소스 파일</Filter>
    </ClCompile>
    <ClCompile Include="test.cpp">
      <Filter>소스 파일</Filter>
    </ClCompile>
    <ClCompile Include="coding_test\EST codility 1.cpp">
      <Filter>소스 파일\coding_test</Filter>
    </ClCompile>
    <ClCompile Include="coding_test\EST codility 2.cpp">
      <Filter>소스 파일\coding_test</Filter>
    </ClCompile>
    <ClCompile Include="coding_test\EST codility 3.cpp">
      <Filter>소스 파일\coding_test</Filter>
    </ClCompile>
    <ClCompile Include="coding_test\플밍1.cpp">
      <Filter>소스 파일\coding_test</Filter>
    </ClCompile>
    <ClCompile Include="coding_test\플밍2.cpp">
      <Filter>소스 파일\coding_test</Filter>
    </ClCompile>
    <ClCompile Include="coding_test\플밍3.cpp">
      <Filter>소스 파일\coding_test</Filter>
    </ClCompile>
    <ClCompile Include="coding_test\플밍5.cpp">
      <Filter>소스 파일\coding_test</Filter>
    </ClCompile>
    <ClCompile Include="coding_test\플밍6.cpp">
      <Filter>소스 파일\coding_test</Filter>
    </ClCompile>
    <ClCompile Include="coding_test\현대모비스 2.cpp">
      <Filter>소스 파일\coding_test</Filter>
    </ClCompile>
    <ClCompile Include="coding_test\현대모비스 3.cpp">
      <Filter>소스 파일\coding_test</Filter>
    </ClCompile>
    <ClCompile Include="practice\abocadoTest.cpp">
      <Filter>소스 파일\practice</Filter>
    </ClCompile>
    <ClCompile Include="practice\BFS.cpp">
      <Filter>소스 파일\practice</Filter>
    </ClCompile>
    <ClCompile Include="practice\boj4991.cpp">
      <Filter>소스 파일\practice</Filter>
    </ClCompile>
    <ClCompile Include="practice\DP.cpp">
      <Filter>소스 파일\practice</Filter>
    </ClCompile>
    <ClCompile Include="practice\Gready.cpp">
      <Filter>소스 파일\practice</Filter>
    </ClCompile>
    <ClCompile Include="practice\practice.cpp">
      <Filter>소스 파일\practice</Filter>
    </ClCompile>
    <ClCompile Include="practice\problems.cpp">
      <Filter>소스 파일\practice</Filter>
    </ClCompile>
    <ClCompile Include="practice\q.cpp">
      <Filter>소스 파일\practice</Filter>
    </ClCompile>
    <ClCompile Include="practice\SDSbasic.cpp">
      <Filter>소스 파일\practice</Filter>
    </ClCompile>
    <ClCompile Include="practice\SDSintermediate.cpp">
      <Filter>소스 파일\practice</Filter>
    </ClCompile>
    <ClCompile Include="practice\test.cpp">
      <Filter>소스 파일\practice</Filter>
    </ClCompile>
    <ClCompile Include="solved\boj 1516 게임개발.cpp">
      <Filter>소스 파일\solved</Filter>
    </ClCompile>
    <ClCompile Include="solved\boj 17144 미세먼지 안녕.cpp">
      <Filter>소스 파일\solved</Filter>
    </ClCompile>
    <ClCompile Include="solved\boj 2529 부등호.cpp">
      <Filter>소스 파일\solved</Filter>
    </ClCompile>
    <ClCompile Include="solved\boj 2583 영역 구하기.cpp">
      <Filter>소스 파일\solved</Filter>
    </ClCompile>
    <ClCompile Include="solved\JadenCase문자열 만들기.cpp">
      <Filter>소스 파일\solved</Filter>
    </ClCompile>
    <ClCompile Include="solved\lev3 skill check test .cpp">
      <Filter>소스 파일\solved</Filter>
    </ClCompile>
    <ClCompile Include="solved\lev3 순위_권투선수.cpp">
      <Filter>소스 파일\solved</Filter>
    </ClCompile>
    <ClCompile Include="solved\lev3.cpp">
      <Filter>소스 파일\solved</Filter>
    </ClCompile>
    <ClCompile Include="solved\lev4 행렬곱 최소.cpp">
      <Filter>소스 파일\solved</Filter>
    </ClCompile>
    <ClCompile Include="solved\길 찾기 게임.cpp">
      <Filter>소스 파일\solved</Filter>
    </ClCompile>
    <ClCompile Include="solved\다리를 지나는 트럭.cpp">
      <Filter>소스 파일\solved</Filter>
    </ClCompile>
    <ClCompile Include="solved\멀리뛰기.cpp">
      <Filter>소스 파일\solved</Filter>
    </ClCompile>
    <ClCompile Include="solved\스케쥴링.cpp">
      <Filter>소스 파일\solved</Filter>
    </ClCompile>
    <ClCompile Include="solved\스택큐_쇠막대기.cpp">
      <Filter>소스 파일\solved</Filter>
    </ClCompile>
    <ClCompile Include="solved\스택큐_주식가격.cpp">
      <Filter>소스 파일\solved</Filter>
    </ClCompile>
    <ClCompile Include="solved\짝지어 제거하기.cpp">
      <Filter>소스 파일\solved</Filter>
    </ClCompile>
    <ClCompile Include="solved\컴퓨터 네트워크 갯수.cpp">
      <Filter>소스 파일\solved</Filter>
    </ClCompile>
    <ClCompile Include="solved\탐색_네트워크.cpp">
      <Filter>소스 파일\solved</Filter>
    </ClCompile>
    <ClCompile Include="solved\하샤드 수.cpp">
      <Filter>소스 파일\solved</Filter>
    </ClCompile>
    <ClCompile Include="solved\해시_위장.cpp">
      <Filter>소스 파일\solved</Filter>
    </ClCompile>
    <ClCompile Include="solved\행렬의 곱.cpp">
      <Filter>소스 파일\solved</Filter>
    </ClCompile>
    <ClCompile Include="boj 2630 색종이 만들기.cpp">
      <Filter>소스 파일\solved</Filter>
    </ClCompile>
    <ClCompile Include="boj 11401 이항 계수 3.cpp">
      <Filter>소스 파일</Filter>
    </ClCompile>
    <ClCompile Include="boj 1780 종이의 개수.cpp">
      <Filter>소스 파일\solved</Filter>
    </ClCompile>
    <ClCompile Include="boj 1992 쿼드트리.cpp">
      <Filter>소스 파일\solved</Filter>
    </ClCompile>
    <ClCompile Include="boj 1629 곱셈.cpp">
      <Filter>소스 파일\solved</Filter>
    </ClCompile>
    <ClCompile Include="boj 5543 상근날드.cpp">
      <Filter>소스 파일\solved</Filter>
    </ClCompile>
    <ClCompile Include="boj 1546 평균.cpp">
      <Filter>소스 파일\solved</Filter>
    </ClCompile>
    <ClCompile Include="boj 2562 최댓값.cpp">
      <Filter>소스 파일\solved</Filter>
    </ClCompile>
    <ClCompile Include="boj 2908 상수.cpp">
      <Filter>소스 파일\solved</Filter>
    </ClCompile>
    <ClCompile Include="boj 11720 숫자의 합.cpp">
      <Filter>소스 파일</Filter>
    </ClCompile>
    <ClCompile Include="boj 11654 아스키코드.cpp">
      <Filter>소스 파일\solved</Filter>
    </ClCompile>
    <ClCompile Include="boj 2475 검증수.cpp">
      <Filter>소스 파일\solved</Filter>
    </ClCompile>
    <ClCompile Include="boj 1157 단어 공부.cpp">
      <Filter>소스 파일\solved</Filter>
    </ClCompile>
    <ClCompile Include="boj 10809 알파벳 찾기.cpp">
      <Filter>소스 파일\solved</Filter>
    </ClCompile>
    <ClCompile Include="boj 2675 문자열 반복.cpp">
      <Filter>소스 파일\solved</Filter>
    </ClCompile>
    <ClCompile Include="boj 2751 수 정렬하기 2.cpp">
      <Filter>소스 파일</Filter>
    </ClCompile>
    <ClCompile Include="boj 1181 단어 정렬.cpp">
      <Filter>소스 파일\solved</Filter>
    </ClCompile>
    <ClCompile Include="boj 2164 카드2.cpp">
      <Filter>소스 파일</Filter>
    </ClCompile>
  </ItemGroup>
  <ItemGroup>
    <ClInclude Include="practice\abocadoTest.h">
      <Filter>소스 파일\practice</Filter>
    </ClInclude>
    <ClInclude Include="practice\BFS.h">
      <Filter>소스 파일\practice</Filter>
    </ClInclude>
    <ClInclude Include="practice\DP.h">
      <Filter>소스 파일\practice</Filter>
    </ClInclude>
    <ClInclude Include="practice\Gready.h">
      <Filter>소스 파일\practice</Filter>
    </ClInclude>
    <ClInclude Include="practice\practice.h">
      <Filter>소스 파일\practice</Filter>
    </ClInclude>
    <ClInclude Include="practice\problems.h">
      <Filter>소스 파일\practice</Filter>
    </ClInclude>
    <ClInclude Include="practice\q.h">
      <Filter>소스 파일\practice</Filter>
    </ClInclude>
    <ClInclude Include="practice\q1000.h">
      <Filter>소스 파일\practice</Filter>
    </ClInclude>
    <ClInclude Include="practice\SDSbasic.h">
      <Filter>소스 파일\practice</Filter>
    </ClInclude>
    <ClInclude Include="practice\SDSintermediate.h">
      <Filter>소스 파일\practice</Filter>
    </ClInclude>
  </ItemGroup>
</Project>